
Microsoft Visual Studio Solution File, Format Version 12.00
# Visual Studio Version 17
VisualStudioVersion = 17.11.35327.3
MinimumVisualStudioVersion = 10.0.40219.1
Project("{8BC9CEB8-8B4A-11D0-8D11-00A0C91BC942}") = "bai3-chucai", "bai3-chucai\bai3-chucai.vcxproj", "{A9D0D11B-D045-4A6A-9923-7E32C970E8B1}"
EndProject
Global
	GlobalSection(SolutionConfigurationPlatforms) = preSolution
		Debug|x64 = Debug|x64
		Debug|x86 = Debug|x86
		Release|x64 = Release|x64
		Release|x86 = Release|x86
	EndGlobalSection
	GlobalSection(ProjectConfigurationPlatforms) = postSolution
		{A9D0D11B-D045-4A6A-9923-7E32C970E8B1}.Debug|x64.ActiveCfg = Debug|x64
		{A9D0D11B-D045-4A6A-9923-7E32C970E8B1}.Debug|x64.Build.0 = Debug|x64
		{A9D0D11B-D045-4A6A-9923-7E32C970E8B1}.Debug|x86.ActiveCfg = Debug|Win32
		{A9D0D11B-D045-4A6A-9923-7E32C970E8B1}.Debug|x86.Build.0 = Debug|Win32
		{A9D0D11B-D045-4A6A-9923-7E32C970E8B1}.Release|x64.ActiveCfg = Release|x64
		{A9D0D11B-D045-4A6A-9923-7E32C970E8B1}.Release|x64.Build.0 = Release|x64
		{A9D0D11B-D045-4A6A-9923-7E32C970E8B1}.Release|x86.ActiveCfg = Release|Win32
		{A9D0D11B-D045-4A6A-9923-7E32C970E8B1}.Release|x86.Build.0 = Release|Win32
	EndGlobalSection
	GlobalSection(SolutionProperties) = preSolution
		HideSolutionNode = FALSE
	EndGlobalSection
	GlobalSection(ExtensibilityGlobals) = postSolution
		SolutionGuid = {2118AC32-6293-4D04-AECA-0A82E6F63244}
	EndGlobalSection
EndGlobal
