
Microsoft Visual Studio Solution File, Format Version 12.00
# Visual Studio Version 17
VisualStudioVersion = 17.11.35327.3
MinimumVisualStudioVersion = 10.0.40219.1
Project("{8BC9CEB8-8B4A-11D0-8D11-00A0C91BC942}") = "bai2-giamdan", "bai2-giamdan\bai2-giamdan.vcxproj", "{5A1CC638-DC00-4B22-A7D9-5822A3D71856}"
EndProject
Global
	GlobalSection(SolutionConfigurationPlatforms) = preSolution
		Debug|x64 = Debug|x64
		Debug|x86 = Debug|x86
		Release|x64 = Release|x64
		Release|x86 = Release|x86
	EndGlobalSection
	GlobalSection(ProjectConfigurationPlatforms) = postSolution
		{5A1CC638-DC00-4B22-A7D9-5822A3D71856}.Debug|x64.ActiveCfg = Debug|x64
		{5A1CC638-DC00-4B22-A7D9-5822A3D71856}.Debug|x64.Build.0 = Debug|x64
		{5A1CC638-DC00-4B22-A7D9-5822A3D71856}.Debug|x86.ActiveCfg = Debug|Win32
		{5A1CC638-DC00-4B22-A7D9-5822A3D71856}.Debug|x86.Build.0 = Debug|Win32
		{5A1CC638-DC00-4B22-A7D9-5822A3D71856}.Release|x64.ActiveCfg = Release|x64
		{5A1CC638-DC00-4B22-A7D9-5822A3D71856}.Release|x64.Build.0 = Release|x64
		{5A1CC638-DC00-4B22-A7D9-5822A3D71856}.Release|x86.ActiveCfg = Release|Win32
		{5A1CC638-DC00-4B22-A7D9-5822A3D71856}.Release|x86.Build.0 = Release|Win32
	EndGlobalSection
	GlobalSection(SolutionProperties) = preSolution
		HideSolutionNode = FALSE
	EndGlobalSection
	GlobalSection(ExtensibilityGlobals) = postSolution
		SolutionGuid = {20AC38DA-1443-4E0C-897C-F6BF9D61D776}
	EndGlobalSection
EndGlobal
